
Microsoft Visual Studio Solution File, Format Version 12.00
# Visual Studio Version 16
VisualStudioVersion = 16.0.31105.61
MinimumVisualStudioVersion = 10.0.40219.1
Project("{FAE04EC0-301F-11D3-BF4B-00C04F79EFBC}") = "groupassignment", "groupassignment\groupassignment.csproj", "{F9FF0B64-7A46-4154-B9B4-56571F84AA25}"
EndProject
Global
	GlobalSection(SolutionConfigurationPlatforms) = preSolution
		Debug|Any CPU = Debug|Any CPU
		Release|Any CPU = Release|Any CPU
	EndGlobalSection
	GlobalSection(ProjectConfigurationPlatforms) = postSolution
		{F9FF0B64-7A46-4154-B9B4-56571F84AA25}.Debug|Any CPU.ActiveCfg = Debug|Any CPU
		{F9FF0B64-7A46-4154-B9B4-56571F84AA25}.Debug|Any CPU.Build.0 = Debug|Any CPU
		{F9FF0B64-7A46-4154-B9B4-56571F84AA25}.Release|Any CPU.ActiveCfg = Release|Any CPU
		{F9FF0B64-7A46-4154-B9B4-56571F84AA25}.Release|Any CPU.Build.0 = Release|Any CPU
	EndGlobalSection
	GlobalSection(SolutionProperties) = preSolution
		HideSolutionNode = FALSE
	EndGlobalSection
	GlobalSection(ExtensibilityGlobals) = postSolution
		SolutionGuid = {A0DDD54C-6C9A-49FB-AF5A-223DB94AAE32}
	EndGlobalSection
EndGlobal
